
Microsoft Visual Studio Solution File, Format Version 12.00
# Visual Studio Version 17
VisualStudioVersion = 17.5.002.0
MinimumVisualStudioVersion = 10.0.40219.1
Project("{2150E333-8FDC-42A3-9474-1A3956D46DE8}") = "lab1", "lab1", "{ACB6F16D-B128-4D71-90CC-BEAAF3CBB6A9}"
EndProject
Project("{9A19103F-16F7-4668-BE54-9A1E7A4F7556}") = "lab1", "lab1\lab1\lab1.csproj", "{0B40331C-52C9-4138-90CD-358BBE44DFC5}"
EndProject
Project("{9A19103F-16F7-4668-BE54-9A1E7A4F7556}") = "lab1.Tests", "lab1\lab1.Tests\lab1.Tests.csproj", "{BE1215D0-86D8-411B-9623-B9A63CD69262}"
EndProject
Global
	GlobalSection(SolutionConfigurationPlatforms) = preSolution
		Debug|Any CPU = Debug|Any CPU
		Release|Any CPU = Release|Any CPU
	EndGlobalSection
	GlobalSection(ProjectConfigurationPlatforms) = postSolution
		{0B40331C-52C9-4138-90CD-358BBE44DFC5}.Debug|Any CPU.ActiveCfg = Debug|Any CPU
		{0B40331C-52C9-4138-90CD-358BBE44DFC5}.Debug|Any CPU.Build.0 = Debug|Any CPU
		{0B40331C-52C9-4138-90CD-358BBE44DFC5}.Release|Any CPU.ActiveCfg = Release|Any CPU
		{0B40331C-52C9-4138-90CD-358BBE44DFC5}.Release|Any CPU.Build.0 = Release|Any CPU
		{BE1215D0-86D8-411B-9623-B9A63CD69262}.Debug|Any CPU.ActiveCfg = Debug|Any CPU
		{BE1215D0-86D8-411B-9623-B9A63CD69262}.Debug|Any CPU.Build.0 = Debug|Any CPU
		{BE1215D0-86D8-411B-9623-B9A63CD69262}.Release|Any CPU.ActiveCfg = Release|Any CPU
		{BE1215D0-86D8-411B-9623-B9A63CD69262}.Release|Any CPU.Build.0 = Release|Any CPU
	EndGlobalSection
	GlobalSection(SolutionProperties) = preSolution
		HideSolutionNode = FALSE
	EndGlobalSection
	GlobalSection(NestedProjects) = preSolution
		{0B40331C-52C9-4138-90CD-358BBE44DFC5} = {ACB6F16D-B128-4D71-90CC-BEAAF3CBB6A9}
		{BE1215D0-86D8-411B-9623-B9A63CD69262} = {ACB6F16D-B128-4D71-90CC-BEAAF3CBB6A9}
	EndGlobalSection
	GlobalSection(ExtensibilityGlobals) = postSolution
		SolutionGuid = {8C85CCDC-A268-4727-B8A3-5C0FEE579E3B}
	EndGlobalSection
EndGlobal
